{
  "version": 4,
  "terraform_version": "1.12.1",
  "serial": 74,
  "lineage": "6ac8f026-939b-42f2-1ca0-412e58ff8fb4",
  "outputs": {},
  "resources": [
    {
      "mode": "data",
      "type": "google_iam_policy",
      "name": "public_invoker",
      "provider": "provider[\"registry.terraform.io/hashicorp/google\"]",
      "instances": [
        {
          "schema_version": 0,
          "attributes": {
            "audit_config": null,
            "binding": [
              {
                "condition": [],
                "members": [
                  "allUsers"
                ],
                "role": "roles/run.invoker"
              }
            ],
            "id": "3450855414",
            "policy_data": "{\"bindings\":[{\"members\":[\"allUsers\"],\"role\":\"roles/run.invoker\"}]}"
          },
          "sensitive_attributes": [],
          "identity_schema_version": 0
        }
      ]
    },
    {
      "mode": "managed",
      "type": "google_cloud_run_service",
      "name": "streamlit-app",
      "provider": "provider[\"registry.terraform.io/hashicorp/google\"]",
      "instances": [
        {
          "status": "tainted",
          "schema_version": 2,
          "attributes": {
            "autogenerate_revision_name": false,
            "id": "locations/us-central1/namespaces/sample-project-460722/services/streamlit-app",
            "location": "us-central1",
            "metadata": null,
            "name": "streamlit-app",
            "project": "sample-project-460722",
            "status": null,
            "template": [
              {
                "metadata": [],
                "spec": [
                  {
                    "container_concurrency": 0,
                    "containers": [
                      {
                        "args": null,
                        "command": null,
                        "env": [],
                        "env_from": [],
                        "image": "us-central1-docker.pkg.dev/sample-project-460722/sample-project-repository/streamlit-app",
                        "liveness_probe": [],
                        "name": "",
                        "ports": [
                          {
                            "container_port": 8501,
                            "name": "",
                            "protocol": ""
                          }
                        ],
                        "resources": [],
                        "startup_probe": [],
                        "volume_mounts": [],
                        "working_dir": ""
                      }
                    ],
                    "node_selector": null,
                    "service_account_name": "",
                    "serving_state": "",
                    "timeout_seconds": 0,
                    "volumes": []
                  }
                ]
              }
            ],
            "timeouts": null,
            "traffic": [
              {
                "latest_revision": true,
                "percent": 100,
                "revision_name": "",
                "tag": "",
                "url": ""
              }
            ]
          },
          "sensitive_attributes": [],
          "identity_schema_version": 0,
          "private": "eyJlMmJmYjczMC1lY2FhLTExZTYtOGY4OC0zNDM2M2JjN2M0YzAiOnsiY3JlYXRlIjoxMjAwMDAwMDAwMDAwLCJkZWxldGUiOjEyMDAwMDAwMDAwMDAsInVwZGF0ZSI6MTIwMDAwMDAwMDAwMH0sInNjaGVtYV92ZXJzaW9uIjoiMiJ9",
          "dependencies": [
            "google_project_service.enable_services"
          ]
        }
      ]
    },
    {
      "mode": "managed",
      "type": "google_cloudbuild_trigger",
      "name": "streamlit-app-build",
      "provider": "provider[\"registry.terraform.io/hashicorp/google\"]",
      "instances": [
        {
          "schema_version": 2,
          "attributes": {
            "approval_config": [
              {
                "approval_required": true
              }
            ],
            "bitbucket_server_trigger_config": [],
            "build": [],
            "create_time": "2025-06-06T01:59:56.571960964Z",
            "description": "",
            "disabled": false,
            "filename": "streamlit/cloudbuild.yaml",
            "filter": "",
            "git_file_source": [],
            "github": [
              {
                "enterprise_config_resource_name": "",
                "name": "dca3501-project",
                "owner": "raphaelramosds",
                "pull_request": [],
                "push": [
                  {
                    "branch": "main",
                    "invert_regex": false,
                    "tag": ""
                  }
                ]
              }
            ],
            "id": "projects/sample-project-460722/locations/us-central1/triggers/1a60e6ce-0609-4dbd-8ace-fb600948e092",
            "ignored_files": [],
            "include_build_logs": "",
            "included_files": [],
            "location": "us-central1",
            "name": "streamlit-app-build",
            "project": "sample-project-460722",
            "pubsub_config": [],
            "repository_event_config": [],
            "service_account": "projects/sample-project-460722/serviceAccounts/cloud-build-service-account@sample-project-460722.iam.gserviceaccount.com",
            "source_to_build": [],
            "substitutions": {},
            "tags": [],
            "timeouts": null,
            "trigger_id": "1a60e6ce-0609-4dbd-8ace-fb600948e092",
            "trigger_template": [],
            "webhook_config": []
          },
          "sensitive_attributes": [],
          "identity_schema_version": 0,
          "private": "eyJlMmJmYjczMC1lY2FhLTExZTYtOGY4OC0zNDM2M2JjN2M0YzAiOnsiY3JlYXRlIjoxMjAwMDAwMDAwMDAwLCJkZWxldGUiOjEyMDAwMDAwMDAwMDAsInVwZGF0ZSI6MTIwMDAwMDAwMDAwMH0sInNjaGVtYV92ZXJzaW9uIjoiMiJ9",
          "dependencies": [
            "google_project_service.enable_services"
          ]
        }
      ]
    },
    {
      "mode": "managed",
      "type": "google_project_service",
      "name": "enable_services",
      "provider": "provider[\"registry.terraform.io/hashicorp/google\"]",
      "instances": [
        {
          "index_key": "artifactregistry.googleapis.com",
          "schema_version": 0,
          "attributes": {
            "disable_dependent_services": null,
            "disable_on_destroy": true,
            "id": "sample-project-460722/artifactregistry.googleapis.com",
            "project": "sample-project-460722",
            "service": "artifactregistry.googleapis.com",
            "timeouts": null
          },
          "sensitive_attributes": [],
          "identity_schema_version": 0,
          "private": "eyJlMmJmYjczMC1lY2FhLTExZTYtOGY4OC0zNDM2M2JjN2M0YzAiOnsiY3JlYXRlIjoxMjAwMDAwMDAwMDAwLCJkZWxldGUiOjEyMDAwMDAwMDAwMDAsInJlYWQiOjYwMDAwMDAwMDAwMCwidXBkYXRlIjoxMjAwMDAwMDAwMDAwfX0="
        },
        {
          "index_key": "cloudbuild.googleapis.com",
          "schema_version": 0,
          "attributes": {
            "disable_dependent_services": null,
            "disable_on_destroy": true,
            "id": "sample-project-460722/cloudbuild.googleapis.com",
            "project": "sample-project-460722",
            "service": "cloudbuild.googleapis.com",
            "timeouts": null
          },
          "sensitive_attributes": [],
          "identity_schema_version": 0,
          "private": "eyJlMmJmYjczMC1lY2FhLTExZTYtOGY4OC0zNDM2M2JjN2M0YzAiOnsiY3JlYXRlIjoxMjAwMDAwMDAwMDAwLCJkZWxldGUiOjEyMDAwMDAwMDAwMDAsInJlYWQiOjYwMDAwMDAwMDAwMCwidXBkYXRlIjoxMjAwMDAwMDAwMDAwfX0="
        },
        {
          "index_key": "run.googleapis.com",
          "schema_version": 0,
          "attributes": {
            "disable_dependent_services": null,
            "disable_on_destroy": true,
            "id": "sample-project-460722/run.googleapis.com",
            "project": "sample-project-460722",
            "service": "run.googleapis.com",
            "timeouts": null
          },
          "sensitive_attributes": [],
          "identity_schema_version": 0,
          "private": "eyJlMmJmYjczMC1lY2FhLTExZTYtOGY4OC0zNDM2M2JjN2M0YzAiOnsiY3JlYXRlIjoxMjAwMDAwMDAwMDAwLCJkZWxldGUiOjEyMDAwMDAwMDAwMDAsInJlYWQiOjYwMDAwMDAwMDAwMCwidXBkYXRlIjoxMjAwMDAwMDAwMDAwfX0="
        }
      ]
    }
  ],
  "check_results": null
}
